
Microsoft Visual Studio Solution File, Format Version 12.00
# Visual Studio Version 17
VisualStudioVersion = 17.5.33502.453
MinimumVisualStudioVersion = 10.0.40219.1
Project("{FAE04EC0-301F-11D3-BF4B-00C04F79EFBC}") = "DubaiSession2.Mobile.Android", "DubaiSession2.Mobile\DubaiSession2.Mobile.Android\DubaiSession2.Mobile.Android.csproj", "{8EC622AF-9E98-4265-9C35-A53E5CE4F33D}"
EndProject
Project("{FAE04EC0-301F-11D3-BF4B-00C04F79EFBC}") = "DubaiSession2.Mobile", "DubaiSession2.Mobile\DubaiSession2.Mobile\DubaiSession2.Mobile.csproj", "{8F887B6F-A68E-476C-B051-A83FE3D5F469}"
EndProject
Global
	GlobalSection(SolutionConfigurationPlatforms) = preSolution
		Debug|Any CPU = Debug|Any CPU
		Release|Any CPU = Release|Any CPU
	EndGlobalSection
	GlobalSection(ProjectConfigurationPlatforms) = postSolution
		{8EC622AF-9E98-4265-9C35-A53E5CE4F33D}.Debug|Any CPU.ActiveCfg = Debug|Any CPU
		{8EC622AF-9E98-4265-9C35-A53E5CE4F33D}.Debug|Any CPU.Build.0 = Debug|Any CPU
		{8EC622AF-9E98-4265-9C35-A53E5CE4F33D}.Debug|Any CPU.Deploy.0 = Debug|Any CPU
		{8EC622AF-9E98-4265-9C35-A53E5CE4F33D}.Release|Any CPU.ActiveCfg = Release|Any CPU
		{8EC622AF-9E98-4265-9C35-A53E5CE4F33D}.Release|Any CPU.Build.0 = Release|Any CPU
		{8EC622AF-9E98-4265-9C35-A53E5CE4F33D}.Release|Any CPU.Deploy.0 = Release|Any CPU
		{8F887B6F-A68E-476C-B051-A83FE3D5F469}.Debug|Any CPU.ActiveCfg = Debug|Any CPU
		{8F887B6F-A68E-476C-B051-A83FE3D5F469}.Debug|Any CPU.Build.0 = Debug|Any CPU
		{8F887B6F-A68E-476C-B051-A83FE3D5F469}.Debug|Any CPU.Deploy.0 = Debug|Any CPU
		{8F887B6F-A68E-476C-B051-A83FE3D5F469}.Release|Any CPU.ActiveCfg = Release|Any CPU
		{8F887B6F-A68E-476C-B051-A83FE3D5F469}.Release|Any CPU.Build.0 = Release|Any CPU
		{8F887B6F-A68E-476C-B051-A83FE3D5F469}.Release|Any CPU.Deploy.0 = Release|Any CPU
	EndGlobalSection
	GlobalSection(SolutionProperties) = preSolution
		HideSolutionNode = FALSE
	EndGlobalSection
	GlobalSection(ExtensibilityGlobals) = postSolution
		SolutionGuid = {4A21AA49-B74F-43B5-BF58-0141D44476FC}
	EndGlobalSection
EndGlobal
